
Microsoft Visual Studio Solution File, Format Version 12.00
# Visual Studio Version 16
VisualStudioVersion = 16.0.29609.76
MinimumVisualStudioVersion = 10.0.40219.1
Project("{FAE04EC0-301F-11D3-BF4B-00C04F79EFBC}") = "Zima", "Zima\Zima.csproj", "{3077D128-7936-4F38-B5F3-97AEB959681A}"
EndProject
Global
	GlobalSection(SolutionConfigurationPlatforms) = preSolution
		Debug|Any CPU = Debug|Any CPU
		Release|Any CPU = Release|Any CPU
	EndGlobalSection
	GlobalSection(ProjectConfigurationPlatforms) = postSolution
		{3077D128-7936-4F38-B5F3-97AEB959681A}.Debug|Any CPU.ActiveCfg = Debug|Any CPU
		{3077D128-7936-4F38-B5F3-97AEB959681A}.Debug|Any CPU.Build.0 = Debug|Any CPU
		{3077D128-7936-4F38-B5F3-97AEB959681A}.Release|Any CPU.ActiveCfg = Release|Any CPU
		{3077D128-7936-4F38-B5F3-97AEB959681A}.Release|Any CPU.Build.0 = Release|Any CPU
	EndGlobalSection
	GlobalSection(SolutionProperties) = preSolution
		HideSolutionNode = FALSE
	EndGlobalSection
	GlobalSection(ExtensibilityGlobals) = postSolution
		SolutionGuid = {AE52036E-6F33-490C-A61E-19ACBA1517DD}
	EndGlobalSection
EndGlobal
